{
  "object": {
    "pins": [
      {
        "package": "CLIFoundation",
        "repositoryURL": "https://github.com/henrik-dmg/CLIFoundation",
        "state": {
          "branch": null,
          "revision": "a3304a3b4b79bbef61b1937cb4cace2622cc2b37",
          "version": "0.6.4"
        }
      },
      {
        "package": "HPNetwork",
        "repositoryURL": "https://github.com/henrik-dmg/HPNetwork",
        "state": {
          "branch": null,
          "revision": "b84854884c6a7f0df5dd5689e023d6a0c2cf7c29",
          "version": "0.6.1"
        }
      },
      {
        "package": "swift-argument-parser",
        "repositoryURL": "https://github.com/apple/swift-argument-parser",
        "state": {
          "branch": null,
          "revision": "92646c0cdbaca076c8d3d0207891785b3379cbff",
          "version": "0.3.1"
        }
      }
    ]
  },
  "version": 1
}
